<?xml version="1.0" encoding="utf-8"?>
<Project ToolsVersion="4.0" xmlns="http://schemas.microsoft.com/developer/msbuild/2003">
  <ItemGroup>
    <Filter Include="리소스 파일">
      <UniqueIdentifier>{67DA6AB6-F800-4c08-8B7A-83BB121AAD01}</UniqueIdentifier>
      <Extensions>rc;ico;cur;bmp;dlg;rc2;rct;bin;rgs;gif;jpg;jpeg;jpe;resx;tiff;tif;png;wav;mfcribbon-ms</Extensions>
    </Filter>
    <Filter Include="Default">
      <UniqueIdentifier>{ed8fd35f-6af2-4efa-a010-241f36153f72}</UniqueIdentifier>
    </Filter>
    <Filter Include="Game">
      <UniqueIdentifier>{32c14d66-dc06-44e9-8d1f-7836dab65f6e}</UniqueIdentifier>
    </Filter>
    <Filter Include="Game\02. Engine">
      <UniqueIdentifier>{00da29fe-72a9-4bfc-92da-1435ee87fff1}</UniqueIdentifier>
    </Filter>
    <Filter Include="Game\01. Header">
      <UniqueIdentifier>{8bc73b39-26d7-4616-8037-caa4e79f1050}</UniqueIdentifier>
    </Filter>
    <Filter Include="Game\03. Manager">
      <UniqueIdentifier>{394ece3f-3b6b-44c9-838e-4c247296d1be}</UniqueIdentifier>
    </Filter>
    <Filter Include="Game\04. Level">
      <UniqueIdentifier>{9d07186d-0e00-4b39-9bb7-3f0559d315ba}</UniqueIdentifier>
    </Filter>
    <Filter Include="Game\05. Object">
      <UniqueIdentifier>{ed785dc2-2d3c-460e-9fef-016b8986c9c8}</UniqueIdentifier>
    </Filter>
    <Filter Include="Game\06. Component">
      <UniqueIdentifier>{45c4fed7-0bed-4614-b273-d393a509354d}</UniqueIdentifier>
    </Filter>
    <Filter Include="Game\07. Asset">
      <UniqueIdentifier>{5ca15aa7-365b-446e-88cd-97894245fddb}</UniqueIdentifier>
    </Filter>
    <Filter Include="Game\08. State">
      <UniqueIdentifier>{efe7a44d-d4b4-4d58-a44d-e9499da33459}</UniqueIdentifier>
    </Filter>
    <Filter Include="Game\04. Level\TitleLevel">
      <UniqueIdentifier>{ca579716-662c-48f5-8428-9c8412bd9575}</UniqueIdentifier>
    </Filter>
    <Filter Include="Game\06. Component\Collider">
      <UniqueIdentifier>{fbd04950-65cd-46dd-b605-239356589fcb}</UniqueIdentifier>
    </Filter>
    <Filter Include="Game\06. Component\Animator">
      <UniqueIdentifier>{6d97be20-1227-4e5d-bba1-f4bc009053af}</UniqueIdentifier>
    </Filter>
    <Filter Include="Game\06. Component\Movement">
      <UniqueIdentifier>{39dc6e0e-7c85-48b2-8b60-dceb3244432d}</UniqueIdentifier>
    </Filter>
    <Filter Include="Game\06. Component\StateMachine">
      <UniqueIdentifier>{576be0f2-cc6f-486c-be78-550ff8bb4a26}</UniqueIdentifier>
    </Filter>
    <Filter Include="Game\06. Component\Animator\Anim">
      <UniqueIdentifier>{5a3f6b1d-8589-47c5-b938-45fd4689b21e}</UniqueIdentifier>
    </Filter>
    <Filter Include="Game\07. Asset\Texture">
      <UniqueIdentifier>{d7d6bead-4722-4705-8d42-a7d04f1aec67}</UniqueIdentifier>
    </Filter>
    <Filter Include="Game\07. Asset\Sound">
      <UniqueIdentifier>{7658407a-5481-4077-9797-1f8c49c05f2c}</UniqueIdentifier>
    </Filter>
    <Filter Include="Game\05. Object\BackGround">
      <UniqueIdentifier>{58b431ec-cfb1-4c58-a9c4-bcb610c22bd0}</UniqueIdentifier>
    </Filter>
    <Filter Include="Game\04. Level\PlayLevel">
      <UniqueIdentifier>{26373bfd-c07a-41f8-a3de-fa261b21d16c}</UniqueIdentifier>
    </Filter>
    <Filter Include="Game\05. Object\Player">
      <UniqueIdentifier>{4b3fc6a5-cccb-419f-b0b9-53e05e175c57}</UniqueIdentifier>
    </Filter>
    <Filter Include="Game\05. Object\Tears">
      <UniqueIdentifier>{ded4d904-d3c4-46c8-805d-a324c3128455}</UniqueIdentifier>
    </Filter>
    <Filter Include="Game\05. Object\Monster">
      <UniqueIdentifier>{9c480be6-dbe5-4e54-a112-e1c2d83d44a2}</UniqueIdentifier>
    </Filter>
    <Filter Include="Game\08. State\NormalMonster">
      <UniqueIdentifier>{05e08bcf-4717-487c-b7ed-4d30c9fe7388}</UniqueIdentifier>
    </Filter>
    <Filter Include="Game\08. State\NormalMonster\Idle">
      <UniqueIdentifier>{d445a744-b26b-4cc8-bd69-bc4528118f1b}</UniqueIdentifier>
    </Filter>
    <Filter Include="Game\08. State\NormalMonster\Trace">
      <UniqueIdentifier>{8724b663-5c86-4e54-b666-c55a6b0c0ab1}</UniqueIdentifier>
    </Filter>
    <Filter Include="Game\08. State\Issac">
      <UniqueIdentifier>{614c8028-f4c6-4c09-addd-486895c95c3d}</UniqueIdentifier>
    </Filter>
    <Filter Include="Game\08. State\Issac\Idle">
      <UniqueIdentifier>{61a15f44-159c-4cd4-9496-237825391fb4}</UniqueIdentifier>
    </Filter>
    <Filter Include="Game\08. State\Issac\Move">
      <UniqueIdentifier>{23bdc800-4773-4da1-bf8f-317c7fae1fae}</UniqueIdentifier>
    </Filter>
    <Filter Include="Game\05. Object\Monster\Pooter">
      <UniqueIdentifier>{9eef010e-a1c7-4bdf-8a6c-bb7211180c45}</UniqueIdentifier>
    </Filter>
    <Filter Include="Game\05. Object\Shadow">
      <UniqueIdentifier>{6af7659e-b27f-431a-ab7b-39c2361136ba}</UniqueIdentifier>
    </Filter>
    <Filter Include="Game\05. Object\UI">
      <UniqueIdentifier>{4f68d81a-8a5c-4967-acd9-9f27c3939d1c}</UniqueIdentifier>
    </Filter>
    <Filter Include="Game\05. Object\UI\TitleUI">
      <UniqueIdentifier>{cf4f3e60-c1ee-48c4-8110-077fa9c93f27}</UniqueIdentifier>
    </Filter>
    <Filter Include="Game\05. Object\UI\TitleUI\TexUI">
      <UniqueIdentifier>{fd7b885e-587f-4b0a-8143-249779e3fd8f}</UniqueIdentifier>
    </Filter>
    <Filter Include="Game\05. Object\UI\TitleUI\AnimUI">
      <UniqueIdentifier>{22361cbb-d177-4215-a724-7a80ddb9ba6a}</UniqueIdentifier>
    </Filter>
    <Filter Include="Game\05. Object\Effect">
      <UniqueIdentifier>{330f8681-aa44-469b-9ee9-a702617f9979}</UniqueIdentifier>
    </Filter>
    <Filter Include="Game\05. Object\Room">
      <UniqueIdentifier>{9bf17729-ae51-4016-9d73-f17f7ef0190d}</UniqueIdentifier>
    </Filter>
    <Filter Include="Game\05. Object\Room\Door">
      <UniqueIdentifier>{83800c46-e902-46d2-b03d-541866b3e32d}</UniqueIdentifier>
    </Filter>
    <Filter Include="Game\08. State\NormalMonster\Attack">
      <UniqueIdentifier>{b4ee0649-f1fe-4481-b18f-fe5893466d1d}</UniqueIdentifier>
    </Filter>
    <Filter Include="Game\05. Object\Tears\MonsterTears">
      <UniqueIdentifier>{ddd09baf-12d3-46bc-a524-8f2f7df621a9}</UniqueIdentifier>
    </Filter>
    <Filter Include="Game\05. Object\Effect\MonsterEffect">
      <UniqueIdentifier>{eab59633-69c9-4db8-851a-026c368684c5}</UniqueIdentifier>
    </Filter>
    <Filter Include="Game\05. Object\Monster\FloatingKnight">
      <UniqueIdentifier>{35020170-f116-48a3-8977-60a0c52c53e1}</UniqueIdentifier>
    </Filter>
    <Filter Include="Game\05. Object\Monster\NormalFly">
      <UniqueIdentifier>{868dd48a-fdda-449d-bf72-5588c787ec80}</UniqueIdentifier>
    </Filter>
    <Filter Include="Game\05. Object\Effect\SpawnEffect">
      <UniqueIdentifier>{ddad2894-3927-49b2-acc2-c09fc7e01228}</UniqueIdentifier>
    </Filter>
    <Filter Include="Game\05. Object\Effect\FlyDeadEffect">
      <UniqueIdentifier>{ee028ea9-03d4-4200-8498-6b3a5b711453}</UniqueIdentifier>
    </Filter>
    <Filter Include="Game\05. Object\Effect\FKDeadEffect">
      <UniqueIdentifier>{4294d695-7c28-4164-b49b-787a1b566375}</UniqueIdentifier>
    </Filter>
    <Filter Include="Game\05. Object\Monster\BossMonster">
      <UniqueIdentifier>{eaf7dea6-78b8-43c3-99ee-0a3a4631afbc}</UniqueIdentifier>
    </Filter>
    <Filter Include="Game\05. Object\Scene">
      <UniqueIdentifier>{0ae1c00a-89ab-4b4f-bbb8-f775ec1ba62e}</UniqueIdentifier>
    </Filter>
    <Filter Include="Game\05. Object\Trophy">
      <UniqueIdentifier>{0dcb97da-a289-4764-9968-bc0c4a582924}</UniqueIdentifier>
    </Filter>
    <Filter Include="Game\05. Object\Effect\BossDeadEffect">
      <UniqueIdentifier>{8e7c2af8-1845-4cc1-9de9-489dc1eb47be}</UniqueIdentifier>
    </Filter>
    <Filter Include="Game\04. Level\EndingLevel">
      <UniqueIdentifier>{82f8dec9-3971-41cf-873d-77a5e7d2d928}</UniqueIdentifier>
    </Filter>
    <Filter Include="Game\05. Object\Scene\EndingScene">
      <UniqueIdentifier>{1b42cd26-475f-4084-b4e2-d4781c0fd08d}</UniqueIdentifier>
    </Filter>
  </ItemGroup>
  <ItemGroup>
    <ClInclude Include="BindingofIssacAPI.h">
      <Filter>Default</Filter>
    </ClInclude>
    <ClInclude Include="framework.h">
      <Filter>Default</Filter>
    </ClInclude>
    <ClInclude Include="Resource.h">
      <Filter>Default</Filter>
    </ClInclude>
    <ClInclude Include="targetver.h">
      <Filter>Default</Filter>
    </ClInclude>
    <ClInclude Include="pch.h">
      <Filter>Default</Filter>
    </ClInclude>
    <ClInclude Include="define.h">
      <Filter>Game\01. Header</Filter>
    </ClInclude>
    <ClInclude Include="global.h">
      <Filter>Game\01. Header</Filter>
    </ClInclude>
    <ClInclude Include="func.h">
      <Filter>Game\01. Header</Filter>
    </ClInclude>
    <ClInclude Include="struct.h">
      <Filter>Game\01. Header</Filter>
    </ClInclude>
    <ClInclude Include="MyEngine.h">
      <Filter>Game\02. Engine</Filter>
    </ClInclude>
    <ClInclude Include="MyTimeMgr.h">
      <Filter>Game\03. Manager</Filter>
    </ClInclude>
    <ClInclude Include="MyAssetMgr.h">
      <Filter>Game\03. Manager</Filter>
    </ClInclude>
    <ClInclude Include="MyPathMgr.h">
      <Filter>Game\03. Manager</Filter>
    </ClInclude>
    <ClInclude Include="MyKeyMgr.h">
      <Filter>Game\03. Manager</Filter>
    </ClInclude>
    <ClInclude Include="MyTaskMgr.h">
      <Filter>Game\03. Manager</Filter>
    </ClInclude>
    <ClInclude Include="MyLevelMgr.h">
      <Filter>Game\03. Manager</Filter>
    </ClInclude>
    <ClInclude Include="MyCameraMgr.h">
      <Filter>Game\03. Manager</Filter>
    </ClInclude>
    <ClInclude Include="MyCollisionMgr.h">
      <Filter>Game\03. Manager</Filter>
    </ClInclude>
    <ClInclude Include="MyGCMgr.h">
      <Filter>Game\03. Manager</Filter>
    </ClInclude>
    <ClInclude Include="MyEntity.h" />
    <ClInclude Include="MyLogMgr.h">
      <Filter>Game\03. Manager</Filter>
    </ClInclude>
    <ClInclude Include="MySoundMgr.h">
      <Filter>Game\03. Manager</Filter>
    </ClInclude>
    <ClInclude Include="MyUIMgr.h">
      <Filter>Game\03. Manager</Filter>
    </ClInclude>
    <ClInclude Include="components.h">
      <Filter>Game\01. Header</Filter>
    </ClInclude>
    <ClInclude Include="MyComponent.h">
      <Filter>Game\06. Component</Filter>
    </ClInclude>
    <ClInclude Include="MyObject.h">
      <Filter>Game\05. Object</Filter>
    </ClInclude>
    <ClInclude Include="MyLayer.h">
      <Filter>Game\04. Level</Filter>
    </ClInclude>
    <ClInclude Include="MyLevel.h">
      <Filter>Game\04. Level</Filter>
    </ClInclude>
    <ClInclude Include="MyTitleLevel.h">
      <Filter>Game\04. Level\TitleLevel</Filter>
    </ClInclude>
    <ClInclude Include="MyCollider.h">
      <Filter>Game\06. Component\Collider</Filter>
    </ClInclude>
    <ClInclude Include="MyAnimator.h">
      <Filter>Game\06. Component\Animator</Filter>
    </ClInclude>
    <ClInclude Include="MyAnim.h">
      <Filter>Game\06. Component\Animator\Anim</Filter>
    </ClInclude>
    <ClInclude Include="MyAsset.h">
      <Filter>Game\07. Asset</Filter>
    </ClInclude>
    <ClInclude Include="MyTexture.h">
      <Filter>Game\07. Asset\Texture</Filter>
    </ClInclude>
    <ClInclude Include="MySound.h">
      <Filter>Game\07. Asset\Sound</Filter>
    </ClInclude>
    <ClInclude Include="MyUI.h">
      <Filter>Game\05. Object\UI</Filter>
    </ClInclude>
    <ClInclude Include="MyBackGround.h">
      <Filter>Game\05. Object\BackGround</Filter>
    </ClInclude>
    <ClInclude Include="MyPlayLevel.h">
      <Filter>Game\04. Level\PlayLevel</Filter>
    </ClInclude>
    <ClInclude Include="MyRoom.h">
      <Filter>Game\05. Object\Room</Filter>
    </ClInclude>
    <ClInclude Include="MyPlayer.h">
      <Filter>Game\05. Object\Player</Filter>
    </ClInclude>
    <ClInclude Include="MyMovement.h">
      <Filter>Game\06. Component\Movement</Filter>
    </ClInclude>
    <ClInclude Include="MyState.h">
      <Filter>Game\08. State</Filter>
    </ClInclude>
    <ClInclude Include="MyStateMachine.h">
      <Filter>Game\06. Component\StateMachine</Filter>
    </ClInclude>
    <ClInclude Include="MyIssacIdle.h">
      <Filter>Game\08. State\Issac\Idle</Filter>
    </ClInclude>
    <ClInclude Include="TitleTexUI.h">
      <Filter>Game\05. Object\UI\TitleUI\TexUI</Filter>
    </ClInclude>
    <ClInclude Include="TitleAnimUI.h">
      <Filter>Game\05. Object\UI\TitleUI\AnimUI</Filter>
    </ClInclude>
    <ClInclude Include="MyTears.h">
      <Filter>Game\05. Object\Tears</Filter>
    </ClInclude>
    <ClInclude Include="MyMonster.h">
      <Filter>Game\05. Object\Monster</Filter>
    </ClInclude>
    <ClInclude Include="NormalFly.h">
      <Filter>Game\05. Object\Monster\NormalFly</Filter>
    </ClInclude>
    <ClInclude Include="NMIdle.h">
      <Filter>Game\08. State\NormalMonster\Idle</Filter>
    </ClInclude>
    <ClInclude Include="NMTrace.h">
      <Filter>Game\08. State\NormalMonster\Trace</Filter>
    </ClInclude>
    <ClInclude Include="Pooter.h">
      <Filter>Game\05. Object\Monster\Pooter</Filter>
    </ClInclude>
    <ClInclude Include="MyShadow.h">
      <Filter>Game\05. Object\Shadow</Filter>
    </ClInclude>
    <ClInclude Include="MyEffect.h">
      <Filter>Game\05. Object\Effect</Filter>
    </ClInclude>
    <ClInclude Include="MyDoor.h">
      <Filter>Game\05. Object\Room\Door</Filter>
    </ClInclude>
    <ClInclude Include="NMAttack.h">
      <Filter>Game\08. State\NormalMonster\Attack</Filter>
    </ClInclude>
    <ClInclude Include="MyMonsterTears.h">
      <Filter>Game\05. Object\Tears\MonsterTears</Filter>
    </ClInclude>
    <ClInclude Include="MyMonsterEffect.h">
      <Filter>Game\05. Object\Effect\MonsterEffect</Filter>
    </ClInclude>
    <ClInclude Include="FloatingKnight.h">
      <Filter>Game\05. Object\Monster\FloatingKnight</Filter>
    </ClInclude>
    <ClInclude Include="MySpawnEffect.h">
      <Filter>Game\05. Object\Effect\SpawnEffect</Filter>
    </ClInclude>
    <ClInclude Include="MyFlyDeadEffect.h">
      <Filter>Game\05. Object\Effect\FlyDeadEffect</Filter>
    </ClInclude>
    <ClInclude Include="MyFKDeadEffect.h">
      <Filter>Game\05. Object\Effect\FKDeadEffect</Filter>
    </ClInclude>
    <ClInclude Include="BossMonster.h">
      <Filter>Game\05. Object\Monster\BossMonster</Filter>
    </ClInclude>
    <ClInclude Include="MyScene.h">
      <Filter>Game\05. Object\Scene</Filter>
    </ClInclude>
    <ClInclude Include="MyBossDeadEffect.h">
      <Filter>Game\05. Object\Effect\BossDeadEffect</Filter>
    </ClInclude>
    <ClInclude Include="MyTrophy.h">
      <Filter>Game\05. Object\Trophy</Filter>
    </ClInclude>
    <ClInclude Include="MyEndingLevel.h">
      <Filter>Game\04. Level\EndingLevel</Filter>
    </ClInclude>
    <ClInclude Include="MyEndingScene.h">
      <Filter>Game\05. Object\Scene\EndingScene</Filter>
    </ClInclude>
  </ItemGroup>
  <ItemGroup>
    <ResourceCompile Include="BindingofIssacAPI.rc">
      <Filter>리소스 파일</Filter>
    </ResourceCompile>
  </ItemGroup>
  <ItemGroup>
    <Image Include="small.ico">
      <Filter>리소스 파일</Filter>
    </Image>
    <Image Include="BindingofIssacAPI.ico">
      <Filter>리소스 파일</Filter>
    </Image>
  </ItemGroup>
  <ItemGroup>
    <ClCompile Include="BindingofIssacAPI.cpp">
      <Filter>Default</Filter>
    </ClCompile>
    <ClCompile Include="pch.cpp">
      <Filter>Default</Filter>
    </ClCompile>
    <ClCompile Include="func.cpp">
      <Filter>Game\01. Header</Filter>
    </ClCompile>
    <ClCompile Include="struct.cpp">
      <Filter>Game\01. Header</Filter>
    </ClCompile>
    <ClCompile Include="MyEngine.cpp">
      <Filter>Game\02. Engine</Filter>
    </ClCompile>
    <ClCompile Include="MyTimeMgr.cpp">
      <Filter>Game\03. Manager</Filter>
    </ClCompile>
    <ClCompile Include="MyAssetMgr.cpp">
      <Filter>Game\03. Manager</Filter>
    </ClCompile>
    <ClCompile Include="MyPathMgr.cpp">
      <Filter>Game\03. Manager</Filter>
    </ClCompile>
    <ClCompile Include="MyKeyMgr.cpp">
      <Filter>Game\03. Manager</Filter>
    </ClCompile>
    <ClCompile Include="MyTaskMgr.cpp">
      <Filter>Game\03. Manager</Filter>
    </ClCompile>
    <ClCompile Include="MyLevelMgr.cpp">
      <Filter>Game\03. Manager</Filter>
    </ClCompile>
    <ClCompile Include="MyCameraMgr.cpp">
      <Filter>Game\03. Manager</Filter>
    </ClCompile>
    <ClCompile Include="MyCollisionMgr.cpp">
      <Filter>Game\03. Manager</Filter>
    </ClCompile>
    <ClCompile Include="MyGCMgr.cpp">
      <Filter>Game\03. Manager</Filter>
    </ClCompile>
    <ClCompile Include="MyEntity.cpp" />
    <ClCompile Include="MyLogMgr.cpp">
      <Filter>Game\03. Manager</Filter>
    </ClCompile>
    <ClCompile Include="MySoundMgr.cpp">
      <Filter>Game\03. Manager</Filter>
    </ClCompile>
    <ClCompile Include="MyUIMgr.cpp">
      <Filter>Game\03. Manager</Filter>
    </ClCompile>
    <ClCompile Include="MyComponent.cpp">
      <Filter>Game\06. Component</Filter>
    </ClCompile>
    <ClCompile Include="MyObject.cpp">
      <Filter>Game\05. Object</Filter>
    </ClCompile>
    <ClCompile Include="MyLayer.cpp">
      <Filter>Game\04. Level</Filter>
    </ClCompile>
    <ClCompile Include="MyLevel.cpp">
      <Filter>Game\04. Level</Filter>
    </ClCompile>
    <ClCompile Include="MyTitleLevel.cpp">
      <Filter>Game\04. Level\TitleLevel</Filter>
    </ClCompile>
    <ClCompile Include="MyCollider.cpp">
      <Filter>Game\06. Component\Collider</Filter>
    </ClCompile>
    <ClCompile Include="MyAnimator.cpp">
      <Filter>Game\06. Component\Animator</Filter>
    </ClCompile>
    <ClCompile Include="MyAnim.cpp">
      <Filter>Game\06. Component\Animator\Anim</Filter>
    </ClCompile>
    <ClCompile Include="MyAsset.cpp">
      <Filter>Game\07. Asset</Filter>
    </ClCompile>
    <ClCompile Include="MyTexture.cpp">
      <Filter>Game\07. Asset\Texture</Filter>
    </ClCompile>
    <ClCompile Include="MySound.cpp">
      <Filter>Game\07. Asset\Sound</Filter>
    </ClCompile>
    <ClCompile Include="MyUI.cpp">
      <Filter>Game\05. Object\UI</Filter>
    </ClCompile>
    <ClCompile Include="MyBackGround.cpp">
      <Filter>Game\05. Object\BackGround</Filter>
    </ClCompile>
    <ClCompile Include="MyPlayLevel.cpp">
      <Filter>Game\04. Level\PlayLevel</Filter>
    </ClCompile>
    <ClCompile Include="MyRoom.cpp">
      <Filter>Game\05. Object\Room</Filter>
    </ClCompile>
    <ClCompile Include="MyPlayer.cpp">
      <Filter>Game\05. Object\Player</Filter>
    </ClCompile>
    <ClCompile Include="MyMovement.cpp">
      <Filter>Game\06. Component\Movement</Filter>
    </ClCompile>
    <ClCompile Include="MyState.cpp">
      <Filter>Game\08. State</Filter>
    </ClCompile>
    <ClCompile Include="MyStateMachine.cpp">
      <Filter>Game\06. Component\StateMachine</Filter>
    </ClCompile>
    <ClCompile Include="MyIssacIdle.cpp">
      <Filter>Game\08. State\Issac\Idle</Filter>
    </ClCompile>
    <ClCompile Include="TitleTexUI.cpp">
      <Filter>Game\05. Object\UI\TitleUI\TexUI</Filter>
    </ClCompile>
    <ClCompile Include="TitleAnimUI.cpp">
      <Filter>Game\05. Object\UI\TitleUI\AnimUI</Filter>
    </ClCompile>
    <ClCompile Include="MyTears.cpp">
      <Filter>Game\05. Object\Tears</Filter>
    </ClCompile>
    <ClCompile Include="MyMonster.cpp">
      <Filter>Game\05. Object\Monster</Filter>
    </ClCompile>
    <ClCompile Include="NormalFly.cpp">
      <Filter>Game\05. Object\Monster\NormalFly</Filter>
    </ClCompile>
    <ClCompile Include="NMIdle.cpp">
      <Filter>Game\08. State\NormalMonster\Idle</Filter>
    </ClCompile>
    <ClCompile Include="NMTrace.cpp">
      <Filter>Game\08. State\NormalMonster\Trace</Filter>
    </ClCompile>
    <ClCompile Include="Pooter.cpp">
      <Filter>Game\05. Object\Monster\Pooter</Filter>
    </ClCompile>
    <ClCompile Include="MyShadow.cpp">
      <Filter>Game\05. Object\Shadow</Filter>
    </ClCompile>
    <ClCompile Include="MyEffect.cpp">
      <Filter>Game\05. Object\Effect</Filter>
    </ClCompile>
    <ClCompile Include="MyDoor.cpp">
      <Filter>Game\05. Object\Room\Door</Filter>
    </ClCompile>
    <ClCompile Include="NMAttack.cpp">
      <Filter>Game\08. State\NormalMonster\Attack</Filter>
    </ClCompile>
    <ClCompile Include="MyMonsterTears.cpp">
      <Filter>Game\05. Object\Tears\MonsterTears</Filter>
    </ClCompile>
    <ClCompile Include="MyMonsterEffect.cpp">
      <Filter>Game\05. Object\Effect\MonsterEffect</Filter>
    </ClCompile>
    <ClCompile Include="FloatingKnight.cpp">
      <Filter>Game\05. Object\Monster\FloatingKnight</Filter>
    </ClCompile>
    <ClCompile Include="MySpawnEffect.cpp">
      <Filter>Game\05. Object\Effect\SpawnEffect</Filter>
    </ClCompile>
    <ClCompile Include="MyFlyDeadEffect.cpp">
      <Filter>Game\05. Object\Effect\FlyDeadEffect</Filter>
    </ClCompile>
    <ClCompile Include="MyFKDeadEffect.cpp">
      <Filter>Game\05. Object\Effect\FKDeadEffect</Filter>
    </ClCompile>
    <ClCompile Include="BossMonster.cpp">
      <Filter>Game\05. Object\Monster\BossMonster</Filter>
    </ClCompile>
    <ClCompile Include="MyScene.cpp">
      <Filter>Game\05. Object\Scene</Filter>
    </ClCompile>
    <ClCompile Include="MyBossDeadEffect.cpp">
      <Filter>Game\05. Object\Effect\BossDeadEffect</Filter>
    </ClCompile>
    <ClCompile Include="MyTrophy.cpp">
      <Filter>Game\05. Object\Trophy</Filter>
    </ClCompile>
    <ClCompile Include="MyEndingLevel.cpp">
      <Filter>Game\04. Level\EndingLevel</Filter>
    </ClCompile>
    <ClCompile Include="MyEndingScene.cpp">
      <Filter>Game\05. Object\Scene\EndingScene</Filter>
    </ClCompile>
  </ItemGroup>
</Project>